
Microsoft Visual Studio Solution File, Format Version 12.00
# Visual Studio Version 17
VisualStudioVersion = 17.0.31903.59
MinimumVisualStudioVersion = 10.0.40219.1
Project("{FAE04EC0-301F-11D3-BF4B-00C04F79EFBC}") = "docknet", "docknet\docknet.csproj", "{141F5EC3-A8E4-44FE-B717-9F551EE38F39}"
EndProject
Project("{FAE04EC0-301F-11D3-BF4B-00C04F79EFBC}") = "docknetd", "docknetd\docknetd.csproj", "{0DFF84A7-A6A6-4EF6-BE1D-4B325E37747F}"
EndProject
Global
	GlobalSection(SolutionConfigurationPlatforms) = preSolution
		Debug|Any CPU = Debug|Any CPU
		Release|Any CPU = Release|Any CPU
	EndGlobalSection
	GlobalSection(SolutionProperties) = preSolution
		HideSolutionNode = FALSE
	EndGlobalSection
	GlobalSection(ProjectConfigurationPlatforms) = postSolution
		{141F5EC3-A8E4-44FE-B717-9F551EE38F39}.Debug|Any CPU.ActiveCfg = Debug|Any CPU
		{141F5EC3-A8E4-44FE-B717-9F551EE38F39}.Debug|Any CPU.Build.0 = Debug|Any CPU
		{141F5EC3-A8E4-44FE-B717-9F551EE38F39}.Release|Any CPU.ActiveCfg = Release|Any CPU
		{141F5EC3-A8E4-44FE-B717-9F551EE38F39}.Release|Any CPU.Build.0 = Release|Any CPU
		{0DFF84A7-A6A6-4EF6-BE1D-4B325E37747F}.Debug|Any CPU.ActiveCfg = Debug|Any CPU
		{0DFF84A7-A6A6-4EF6-BE1D-4B325E37747F}.Debug|Any CPU.Build.0 = Debug|Any CPU
		{0DFF84A7-A6A6-4EF6-BE1D-4B325E37747F}.Release|Any CPU.ActiveCfg = Release|Any CPU
		{0DFF84A7-A6A6-4EF6-BE1D-4B325E37747F}.Release|Any CPU.Build.0 = Release|Any CPU
	EndGlobalSection
EndGlobal
