
Microsoft Visual Studio Solution File, Format Version 12.00
# Visual Studio Version 17
VisualStudioVersion = 17.0.31903.59
MinimumVisualStudioVersion = 10.0.40219.1
Project("{FAE04EC0-301F-11D3-BF4B-00C04F79EFBC}") = "BookApi_Domain", "BookApi_Domain\BookApi_Domain.csproj", "{D42F6688-8791-4F23-81A5-0E11E64724DA}"
EndProject
Project("{FAE04EC0-301F-11D3-BF4B-00C04F79EFBC}") = "BookApi_Application", "BookApi_Application\BookApi_Application.csproj", "{582C45CB-59A9-4DBB-8A34-81CF70255251}"
EndProject
Project("{FAE04EC0-301F-11D3-BF4B-00C04F79EFBC}") = "BookApi_Infrastructure", "BookApi_Infrastructure\BookApi_Infrastructure.csproj", "{01008227-EBE5-4A0C-9C03-9EA7BE082AB4}"
EndProject
Project("{FAE04EC0-301F-11D3-BF4B-00C04F79EFBC}") = "BookApi_Api", "BookApi_Api\BookApi_Api.csproj", "{8BB67105-BFD5-41CD-A04A-A8125EE28298}"
EndProject
Global
	GlobalSection(SolutionConfigurationPlatforms) = preSolution
		Debug|Any CPU = Debug|Any CPU
		Release|Any CPU = Release|Any CPU
	EndGlobalSection
	GlobalSection(SolutionProperties) = preSolution
		HideSolutionNode = FALSE
	EndGlobalSection
	GlobalSection(ProjectConfigurationPlatforms) = postSolution
		{D42F6688-8791-4F23-81A5-0E11E64724DA}.Debug|Any CPU.ActiveCfg = Debug|Any CPU
		{D42F6688-8791-4F23-81A5-0E11E64724DA}.Debug|Any CPU.Build.0 = Debug|Any CPU
		{D42F6688-8791-4F23-81A5-0E11E64724DA}.Release|Any CPU.ActiveCfg = Release|Any CPU
		{D42F6688-8791-4F23-81A5-0E11E64724DA}.Release|Any CPU.Build.0 = Release|Any CPU
		{582C45CB-59A9-4DBB-8A34-81CF70255251}.Debug|Any CPU.ActiveCfg = Debug|Any CPU
		{582C45CB-59A9-4DBB-8A34-81CF70255251}.Debug|Any CPU.Build.0 = Debug|Any CPU
		{582C45CB-59A9-4DBB-8A34-81CF70255251}.Release|Any CPU.ActiveCfg = Release|Any CPU
		{582C45CB-59A9-4DBB-8A34-81CF70255251}.Release|Any CPU.Build.0 = Release|Any CPU
		{01008227-EBE5-4A0C-9C03-9EA7BE082AB4}.Debug|Any CPU.ActiveCfg = Debug|Any CPU
		{01008227-EBE5-4A0C-9C03-9EA7BE082AB4}.Debug|Any CPU.Build.0 = Debug|Any CPU
		{01008227-EBE5-4A0C-9C03-9EA7BE082AB4}.Release|Any CPU.ActiveCfg = Release|Any CPU
		{01008227-EBE5-4A0C-9C03-9EA7BE082AB4}.Release|Any CPU.Build.0 = Release|Any CPU
		{8BB67105-BFD5-41CD-A04A-A8125EE28298}.Debug|Any CPU.ActiveCfg = Debug|Any CPU
		{8BB67105-BFD5-41CD-A04A-A8125EE28298}.Debug|Any CPU.Build.0 = Debug|Any CPU
		{8BB67105-BFD5-41CD-A04A-A8125EE28298}.Release|Any CPU.ActiveCfg = Release|Any CPU
		{8BB67105-BFD5-41CD-A04A-A8125EE28298}.Release|Any CPU.Build.0 = Release|Any CPU
	EndGlobalSection
EndGlobal
